
Microsoft Visual Studio Solution File, Format Version 12.00
# Visual Studio Version 17
VisualStudioVersion = 17.11.35312.102
MinimumVisualStudioVersion = 10.0.40219.1
Project("{9A19103F-16F7-4668-BE54-9A1E7A4F7556}") = "Shopfinity.ProductService", "Shopfinity.ProductService\Shopfinity.ProductService.csproj", "{0F9F3B9F-E234-4F33-AF30-3C8FE039C94C}"
EndProject
Project("{9A19103F-16F7-4668-BE54-9A1E7A4F7556}") = "Shopfinity.ProductService.Tests", "Shopfinity.ProductService.Tests\Shopfinity.ProductService.Tests.csproj", "{0F975362-BF8C-41A1-BE67-F765C1544DB1}"
EndProject
Global
	GlobalSection(SolutionConfigurationPlatforms) = preSolution
		Debug|Any CPU = Debug|Any CPU
		Release|Any CPU = Release|Any CPU
	EndGlobalSection
	GlobalSection(ProjectConfigurationPlatforms) = postSolution
		{0F9F3B9F-E234-4F33-AF30-3C8FE039C94C}.Debug|Any CPU.ActiveCfg = Debug|Any CPU
		{0F9F3B9F-E234-4F33-AF30-3C8FE039C94C}.Debug|Any CPU.Build.0 = Debug|Any CPU
		{0F9F3B9F-E234-4F33-AF30-3C8FE039C94C}.Release|Any CPU.ActiveCfg = Release|Any CPU
		{0F9F3B9F-E234-4F33-AF30-3C8FE039C94C}.Release|Any CPU.Build.0 = Release|Any CPU
		{0F975362-BF8C-41A1-BE67-F765C1544DB1}.Debug|Any CPU.ActiveCfg = Debug|Any CPU
		{0F975362-BF8C-41A1-BE67-F765C1544DB1}.Debug|Any CPU.Build.0 = Debug|Any CPU
		{0F975362-BF8C-41A1-BE67-F765C1544DB1}.Release|Any CPU.ActiveCfg = Release|Any CPU
		{0F975362-BF8C-41A1-BE67-F765C1544DB1}.Release|Any CPU.Build.0 = Release|Any CPU
	EndGlobalSection
	GlobalSection(SolutionProperties) = preSolution
		HideSolutionNode = FALSE
	EndGlobalSection
	GlobalSection(ExtensibilityGlobals) = postSolution
		SolutionGuid = {7B2CC134-CF7C-44B0-9C46-FAC6433D2E03}
	EndGlobalSection
EndGlobal
