
Microsoft Visual Studio Solution File, Format Version 12.00
# Visual Studio Version 17
VisualStudioVersion = 17.11.35312.102
MinimumVisualStudioVersion = 10.0.40219.1
Project("{9A19103F-16F7-4668-BE54-9A1E7A4F7556}") = "Shopfinity.ProductService", "..\Shopfinity.ProductService\Shopfinity.ProductService.csproj", "{FF5F51A1-7AFC-4403-ACA6-5CE8908805B8}"
EndProject
Project("{FAE04EC0-301F-11D3-BF4B-00C04F79EFBC}") = "Shopfinity.ProductService.Tests", "Shopfinity.ProductService.Tests\Shopfinity.ProductService.Tests.csproj", "{AE5C192C-69FA-417E-B48E-6A45110F753B}"
EndProject
Global
	GlobalSection(SolutionConfigurationPlatforms) = preSolution
		Debug|Any CPU = Debug|Any CPU
		Release|Any CPU = Release|Any CPU
	EndGlobalSection
	GlobalSection(ProjectConfigurationPlatforms) = postSolution
		{FF5F51A1-7AFC-4403-ACA6-5CE8908805B8}.Debug|Any CPU.ActiveCfg = Debug|Any CPU
		{FF5F51A1-7AFC-4403-ACA6-5CE8908805B8}.Debug|Any CPU.Build.0 = Debug|Any CPU
		{FF5F51A1-7AFC-4403-ACA6-5CE8908805B8}.Release|Any CPU.ActiveCfg = Release|Any CPU
		{FF5F51A1-7AFC-4403-ACA6-5CE8908805B8}.Release|Any CPU.Build.0 = Release|Any CPU
		{AE5C192C-69FA-417E-B48E-6A45110F753B}.Debug|Any CPU.ActiveCfg = Debug|Any CPU
		{AE5C192C-69FA-417E-B48E-6A45110F753B}.Debug|Any CPU.Build.0 = Debug|Any CPU
		{AE5C192C-69FA-417E-B48E-6A45110F753B}.Release|Any CPU.ActiveCfg = Release|Any CPU
		{AE5C192C-69FA-417E-B48E-6A45110F753B}.Release|Any CPU.Build.0 = Release|Any CPU
	EndGlobalSection
	GlobalSection(SolutionProperties) = preSolution
		HideSolutionNode = FALSE
	EndGlobalSection
	GlobalSection(ExtensibilityGlobals) = postSolution
		SolutionGuid = {7B2CC134-CF7C-44B0-9C46-FAC6433D2E03}
	EndGlobalSection
EndGlobal
